
Microsoft Visual Studio Solution File, Format Version 11.00
# Visual Studio 2010
Project("{FAE04EC0-301F-11D3-BF4B-00C04F79EFBC}") = "SspesClient", "SspesClient\SspesClient.csproj", "{230FD051-69EF-4376-BA17-C61677866E8A}"
	ProjectSection(ProjectDependencies) = postProject
		{32A8ECC0-7A35-40DF-AE94-81B4909263ED} = {32A8ECC0-7A35-40DF-AE94-81B4909263ED}
	EndProjectSection
EndProject
Project("{FAE04EC0-301F-11D3-BF4B-00C04F79EFBC}") = "WCFServiceHost", "WCFServiceHost\WCFServiceHost.csproj", "{ADCEABFE-5C0D-4140-97E3-C728F0C8B4D7}"
EndProject
Project("{FAE04EC0-301F-11D3-BF4B-00C04F79EFBC}") = "SspesRestService", "SspesRestService\SspesRestService.csproj", "{32A8ECC0-7A35-40DF-AE94-81B4909263ED}"
EndProject
Global
	GlobalSection(SolutionConfigurationPlatforms) = preSolution
		Debug|Any CPU = Debug|Any CPU
		Debug|Mixed Platforms = Debug|Mixed Platforms
		Debug|x86 = Debug|x86
		Release|Any CPU = Release|Any CPU
		Release|Mixed Platforms = Release|Mixed Platforms
		Release|x86 = Release|x86
	EndGlobalSection
	GlobalSection(ProjectConfigurationPlatforms) = postSolution
		{230FD051-69EF-4376-BA17-C61677866E8A}.Debug|Any CPU.ActiveCfg = Debug|Any CPU
		{230FD051-69EF-4376-BA17-C61677866E8A}.Debug|Any CPU.Build.0 = Debug|Any CPU
		{230FD051-69EF-4376-BA17-C61677866E8A}.Debug|Any CPU.Deploy.0 = Debug|Any CPU
		{230FD051-69EF-4376-BA17-C61677866E8A}.Debug|Mixed Platforms.ActiveCfg = Debug|Any CPU
		{230FD051-69EF-4376-BA17-C61677866E8A}.Debug|Mixed Platforms.Build.0 = Debug|Any CPU
		{230FD051-69EF-4376-BA17-C61677866E8A}.Debug|Mixed Platforms.Deploy.0 = Debug|Any CPU
		{230FD051-69EF-4376-BA17-C61677866E8A}.Debug|x86.ActiveCfg = Debug|Any CPU
		{230FD051-69EF-4376-BA17-C61677866E8A}.Release|Any CPU.ActiveCfg = Release|Any CPU
		{230FD051-69EF-4376-BA17-C61677866E8A}.Release|Any CPU.Build.0 = Release|Any CPU
		{230FD051-69EF-4376-BA17-C61677866E8A}.Release|Any CPU.Deploy.0 = Release|Any CPU
		{230FD051-69EF-4376-BA17-C61677866E8A}.Release|Mixed Platforms.ActiveCfg = Release|Any CPU
		{230FD051-69EF-4376-BA17-C61677866E8A}.Release|Mixed Platforms.Build.0 = Release|Any CPU
		{230FD051-69EF-4376-BA17-C61677866E8A}.Release|Mixed Platforms.Deploy.0 = Release|Any CPU
		{230FD051-69EF-4376-BA17-C61677866E8A}.Release|x86.ActiveCfg = Release|Any CPU
		{ADCEABFE-5C0D-4140-97E3-C728F0C8B4D7}.Debug|Any CPU.ActiveCfg = Debug|x86
		{ADCEABFE-5C0D-4140-97E3-C728F0C8B4D7}.Debug|Mixed Platforms.ActiveCfg = Debug|x86
		{ADCEABFE-5C0D-4140-97E3-C728F0C8B4D7}.Debug|Mixed Platforms.Build.0 = Debug|x86
		{ADCEABFE-5C0D-4140-97E3-C728F0C8B4D7}.Debug|x86.ActiveCfg = Debug|x86
		{ADCEABFE-5C0D-4140-97E3-C728F0C8B4D7}.Debug|x86.Build.0 = Debug|x86
		{ADCEABFE-5C0D-4140-97E3-C728F0C8B4D7}.Release|Any CPU.ActiveCfg = Release|x86
		{ADCEABFE-5C0D-4140-97E3-C728F0C8B4D7}.Release|Mixed Platforms.ActiveCfg = Release|x86
		{ADCEABFE-5C0D-4140-97E3-C728F0C8B4D7}.Release|Mixed Platforms.Build.0 = Release|x86
		{ADCEABFE-5C0D-4140-97E3-C728F0C8B4D7}.Release|x86.ActiveCfg = Release|x86
		{ADCEABFE-5C0D-4140-97E3-C728F0C8B4D7}.Release|x86.Build.0 = Release|x86
		{32A8ECC0-7A35-40DF-AE94-81B4909263ED}.Debug|Any CPU.ActiveCfg = Debug|Any CPU
		{32A8ECC0-7A35-40DF-AE94-81B4909263ED}.Debug|Any CPU.Build.0 = Debug|Any CPU
		{32A8ECC0-7A35-40DF-AE94-81B4909263ED}.Debug|Mixed Platforms.ActiveCfg = Debug|Any CPU
		{32A8ECC0-7A35-40DF-AE94-81B4909263ED}.Debug|Mixed Platforms.Build.0 = Debug|Any CPU
		{32A8ECC0-7A35-40DF-AE94-81B4909263ED}.Debug|x86.ActiveCfg = Debug|Any CPU
		{32A8ECC0-7A35-40DF-AE94-81B4909263ED}.Release|Any CPU.ActiveCfg = Release|Any CPU
		{32A8ECC0-7A35-40DF-AE94-81B4909263ED}.Release|Any CPU.Build.0 = Release|Any CPU
		{32A8ECC0-7A35-40DF-AE94-81B4909263ED}.Release|Mixed Platforms.ActiveCfg = Release|Any CPU
		{32A8ECC0-7A35-40DF-AE94-81B4909263ED}.Release|Mixed Platforms.Build.0 = Release|Any CPU
		{32A8ECC0-7A35-40DF-AE94-81B4909263ED}.Release|x86.ActiveCfg = Release|Any CPU
	EndGlobalSection
	GlobalSection(SolutionProperties) = preSolution
		HideSolutionNode = FALSE
	EndGlobalSection
EndGlobal
